
Microsoft Visual Studio Solution File, Format Version 12.00
# Visual Studio 2012
Project("{8BC9CEB8-8B4A-11D0-8D11-00A0C91BC942}") = "yBase", "yBase\yBase.vcxproj", "{7D7CC065-0D4D-4297-8CED-0E88766666AA}"
EndProject
Project("{2150E333-8FDC-42A3-9474-1A3956D46DE8}") = "TestTool", "TestTool", "{D6CD16FF-0026-4431-AB47-8253DAB5607C}"
EndProject
Project("{8BC9CEB8-8B4A-11D0-8D11-00A0C91BC942}") = "TestMfc", "TestTool\TestMfc\TestMfc.vcxproj", "{7F3E7217-473E-43A7-906D-444DBAE3EEC5}"
EndProject
Project("{8BC9CEB8-8B4A-11D0-8D11-00A0C91BC942}") = "TestMain", "TestTool\TestMain\TestMain.vcxproj", "{6C33C401-D074-4B29-8B0B-55676D3D05CC}"
EndProject
Project("{8BC9CEB8-8B4A-11D0-8D11-00A0C91BC942}") = "MouseDll", "TestTool\MouseDll\MouseDll.vcxproj", "{46FD102A-DA96-4552-9F80-6A2CE3D4A438}"
EndProject
Project("{8BC9CEB8-8B4A-11D0-8D11-00A0C91BC942}") = "IUnknow", "TestTool\IUnknow\IUnknow.vcxproj", "{7E76C8AC-BBFA-494D-AD40-C6A4890472C6}"
EndProject
Project("{8BC9CEB8-8B4A-11D0-8D11-00A0C91BC942}") = "ATLTest", "TestTool\ATLTest\ATLTest.vcxproj", "{7BCF6846-B6D2-4361-8B93-46B356D5100D}"
EndProject
Project("{8BC9CEB8-8B4A-11D0-8D11-00A0C91BC942}") = "ATLTestPS", "TestTool\ATLTest\ATLTestPS.vcxproj", "{E574C52F-DFA8-41D9-B7AB-2B7E4D78A1F1}"
	ProjectSection(ProjectDependencies) = postProject
		{7BCF6846-B6D2-4361-8B93-46B356D5100D} = {7BCF6846-B6D2-4361-8B93-46B356D5100D}
	EndProjectSection
EndProject
Global
	GlobalSection(SolutionConfigurationPlatforms) = preSolution
		Debug|Win32 = Debug|Win32
		Release|Win32 = Release|Win32
	EndGlobalSection
	GlobalSection(ProjectConfigurationPlatforms) = postSolution
		{7D7CC065-0D4D-4297-8CED-0E88766666AA}.Debug|Win32.ActiveCfg = Debug|Win32
		{7D7CC065-0D4D-4297-8CED-0E88766666AA}.Debug|Win32.Build.0 = Debug|Win32
		{7D7CC065-0D4D-4297-8CED-0E88766666AA}.Debug|Win32.Deploy.0 = Debug|Win32
		{7D7CC065-0D4D-4297-8CED-0E88766666AA}.Release|Win32.ActiveCfg = Release|Win32
		{7D7CC065-0D4D-4297-8CED-0E88766666AA}.Release|Win32.Build.0 = Release|Win32
		{7D7CC065-0D4D-4297-8CED-0E88766666AA}.Release|Win32.Deploy.0 = Release|Win32
		{7F3E7217-473E-43A7-906D-444DBAE3EEC5}.Debug|Win32.ActiveCfg = Debug|Win32
		{7F3E7217-473E-43A7-906D-444DBAE3EEC5}.Debug|Win32.Build.0 = Debug|Win32
		{7F3E7217-473E-43A7-906D-444DBAE3EEC5}.Debug|Win32.Deploy.0 = Debug|Win32
		{7F3E7217-473E-43A7-906D-444DBAE3EEC5}.Release|Win32.ActiveCfg = Release|Win32
		{7F3E7217-473E-43A7-906D-444DBAE3EEC5}.Release|Win32.Build.0 = Release|Win32
		{7F3E7217-473E-43A7-906D-444DBAE3EEC5}.Release|Win32.Deploy.0 = Release|Win32
		{6C33C401-D074-4B29-8B0B-55676D3D05CC}.Debug|Win32.ActiveCfg = Debug|Win32
		{6C33C401-D074-4B29-8B0B-55676D3D05CC}.Debug|Win32.Build.0 = Debug|Win32
		{6C33C401-D074-4B29-8B0B-55676D3D05CC}.Debug|Win32.Deploy.0 = Debug|Win32
		{6C33C401-D074-4B29-8B0B-55676D3D05CC}.Release|Win32.ActiveCfg = Release|Win32
		{6C33C401-D074-4B29-8B0B-55676D3D05CC}.Release|Win32.Build.0 = Release|Win32
		{6C33C401-D074-4B29-8B0B-55676D3D05CC}.Release|Win32.Deploy.0 = Release|Win32
		{46FD102A-DA96-4552-9F80-6A2CE3D4A438}.Debug|Win32.ActiveCfg = Debug|Win32
		{46FD102A-DA96-4552-9F80-6A2CE3D4A438}.Debug|Win32.Build.0 = Debug|Win32
		{46FD102A-DA96-4552-9F80-6A2CE3D4A438}.Debug|Win32.Deploy.0 = Debug|Win32
		{46FD102A-DA96-4552-9F80-6A2CE3D4A438}.Release|Win32.ActiveCfg = Release|Win32
		{46FD102A-DA96-4552-9F80-6A2CE3D4A438}.Release|Win32.Build.0 = Release|Win32
		{46FD102A-DA96-4552-9F80-6A2CE3D4A438}.Release|Win32.Deploy.0 = Release|Win32
		{7E76C8AC-BBFA-494D-AD40-C6A4890472C6}.Debug|Win32.ActiveCfg = Debug|Win32
		{7E76C8AC-BBFA-494D-AD40-C6A4890472C6}.Debug|Win32.Build.0 = Debug|Win32
		{7E76C8AC-BBFA-494D-AD40-C6A4890472C6}.Debug|Win32.Deploy.0 = Debug|Win32
		{7E76C8AC-BBFA-494D-AD40-C6A4890472C6}.Release|Win32.ActiveCfg = Release|Win32
		{7E76C8AC-BBFA-494D-AD40-C6A4890472C6}.Release|Win32.Build.0 = Release|Win32
		{7E76C8AC-BBFA-494D-AD40-C6A4890472C6}.Release|Win32.Deploy.0 = Release|Win32
		{7BCF6846-B6D2-4361-8B93-46B356D5100D}.Debug|Win32.ActiveCfg = Debug|Win32
		{7BCF6846-B6D2-4361-8B93-46B356D5100D}.Debug|Win32.Build.0 = Debug|Win32
		{7BCF6846-B6D2-4361-8B93-46B356D5100D}.Debug|Win32.Deploy.0 = Debug|Win32
		{7BCF6846-B6D2-4361-8B93-46B356D5100D}.Release|Win32.ActiveCfg = Release|Win32
		{7BCF6846-B6D2-4361-8B93-46B356D5100D}.Release|Win32.Build.0 = Release|Win32
		{7BCF6846-B6D2-4361-8B93-46B356D5100D}.Release|Win32.Deploy.0 = Release|Win32
		{E574C52F-DFA8-41D9-B7AB-2B7E4D78A1F1}.Debug|Win32.ActiveCfg = Debug|Win32
		{E574C52F-DFA8-41D9-B7AB-2B7E4D78A1F1}.Debug|Win32.Deploy.0 = Debug|Win32
		{E574C52F-DFA8-41D9-B7AB-2B7E4D78A1F1}.Release|Win32.ActiveCfg = Release|Win32
		{E574C52F-DFA8-41D9-B7AB-2B7E4D78A1F1}.Release|Win32.Deploy.0 = Release|Win32
	EndGlobalSection
	GlobalSection(SolutionProperties) = preSolution
		HideSolutionNode = FALSE
	EndGlobalSection
	GlobalSection(NestedProjects) = preSolution
		{7F3E7217-473E-43A7-906D-444DBAE3EEC5} = {D6CD16FF-0026-4431-AB47-8253DAB5607C}
		{6C33C401-D074-4B29-8B0B-55676D3D05CC} = {D6CD16FF-0026-4431-AB47-8253DAB5607C}
		{46FD102A-DA96-4552-9F80-6A2CE3D4A438} = {D6CD16FF-0026-4431-AB47-8253DAB5607C}
		{7E76C8AC-BBFA-494D-AD40-C6A4890472C6} = {D6CD16FF-0026-4431-AB47-8253DAB5607C}
		{7BCF6846-B6D2-4361-8B93-46B356D5100D} = {D6CD16FF-0026-4431-AB47-8253DAB5607C}
		{E574C52F-DFA8-41D9-B7AB-2B7E4D78A1F1} = {D6CD16FF-0026-4431-AB47-8253DAB5607C}
	EndGlobalSection
EndGlobal
