
Microsoft Visual Studio Solution File, Format Version 12.00
# Visual Studio 2012
Project("{8BC9CEB8-8B4A-11D0-8D11-00A0C91BC942}") = "yBase", "yBase\yBase.vcxproj", "{7D7CC065-0D4D-4297-8CED-0E88766666AA}"
EndProject
Project("{2150E333-8FDC-42A3-9474-1A3956D46DE8}") = "TestTool", "TestTool", "{D6CD16FF-0026-4431-AB47-8253DAB5607C}"
EndProject
Project("{8BC9CEB8-8B4A-11D0-8D11-00A0C91BC942}") = "TestMfc", "TestTool\TestMfc\TestMfc.vcxproj", "{7F3E7217-473E-43A7-906D-444DBAE3EEC5}"
EndProject
Global
	GlobalSection(SolutionConfigurationPlatforms) = preSolution
		Debug|Win32 = Debug|Win32
		Release|Win32 = Release|Win32
	EndGlobalSection
	GlobalSection(ProjectConfigurationPlatforms) = postSolution
		{7D7CC065-0D4D-4297-8CED-0E88766666AA}.Debug|Win32.ActiveCfg = Debug|Win32
		{7D7CC065-0D4D-4297-8CED-0E88766666AA}.Debug|Win32.Build.0 = Debug|Win32
		{7D7CC065-0D4D-4297-8CED-0E88766666AA}.Debug|Win32.Deploy.0 = Debug|Win32
		{7D7CC065-0D4D-4297-8CED-0E88766666AA}.Release|Win32.ActiveCfg = Release|Win32
		{7D7CC065-0D4D-4297-8CED-0E88766666AA}.Release|Win32.Build.0 = Release|Win32
		{7D7CC065-0D4D-4297-8CED-0E88766666AA}.Release|Win32.Deploy.0 = Release|Win32
		{7F3E7217-473E-43A7-906D-444DBAE3EEC5}.Debug|Win32.ActiveCfg = Debug|Win32
		{7F3E7217-473E-43A7-906D-444DBAE3EEC5}.Debug|Win32.Build.0 = Debug|Win32
		{7F3E7217-473E-43A7-906D-444DBAE3EEC5}.Debug|Win32.Deploy.0 = Debug|Win32
		{7F3E7217-473E-43A7-906D-444DBAE3EEC5}.Release|Win32.ActiveCfg = Release|Win32
		{7F3E7217-473E-43A7-906D-444DBAE3EEC5}.Release|Win32.Build.0 = Release|Win32
		{7F3E7217-473E-43A7-906D-444DBAE3EEC5}.Release|Win32.Deploy.0 = Release|Win32
	EndGlobalSection
	GlobalSection(SolutionProperties) = preSolution
		HideSolutionNode = FALSE
	EndGlobalSection
	GlobalSection(NestedProjects) = preSolution
		{7F3E7217-473E-43A7-906D-444DBAE3EEC5} = {D6CD16FF-0026-4431-AB47-8253DAB5607C}
	EndGlobalSection
EndGlobal
